// !$*UTF8*$!
{
	archiveVersion = 1;
	classes = {
	};
	objectVersion = 52;
	objects = {

/* Begin PBXBuildFile section */
		4FDDD6D224D5E50E00A45C2B /* EidGreetingApp.swift in Sources */ = {isa = PBXBuildFile; fileRef = 4FDDD6D124D5E50E00A45C2B /* EidGreetingApp.swift */; };
		4FDDD6D424D5E50E00A45C2B /* ContentView.swift in Sources */ = {isa = PBXBuildFile; fileRef = 4FDDD6D324D5E50E00A45C2B /* ContentView.swift */; };
		4FDDD6D624D5E51000A45C2B /* Assets.xcassets in Resources */ = {isa = PBXBuildFile; fileRef = 4FDDD6D524D5E51000A45C2B /* Assets.xcassets */; };
		4FDDD6D924D5E51000A45C2B /* Preview Assets.xcassets in Resources */ = {isa = PBXBuildFile; fileRef = 4FDDD6D824D5E51000A45C2B /* Preview Assets.xcassets */; };
		4FDDD71C24D5F58B00A45C2B /* eidMubarakEnglish.json in Resources */ = {isa = PBXBuildFile; fileRef = 4FDDD71924D5F58B00A45C2B /* eidMubarakEnglish.json */; };
		4FDDD71D24D5F58B00A45C2B /* colorfulConfetti.json in Resources */ = {isa = PBXBuildFile; fileRef = 4FDDD71A24D5F58B00A45C2B /* colorfulConfetti.json */; };
		4FDDD71E24D5F58B00A45C2B /* eidMubarakArabic.json in Resources */ = {isa = PBXBuildFile; fileRef = 4FDDD71B24D5F58B00A45C2B /* eidMubarakArabic.json */; };
		4FDDD72124D5F9F100A45C2B /* Lottie in Frameworks */ = {isa = PBXBuildFile; productRef = 4FDDD72024D5F9F100A45C2B /* Lottie */; };
/* End PBXBuildFile section */

/* Begin PBXFileReference section */
		4FDDD6CE24D5E50E00A45C2B /* EidGreeting.app */ = {isa = PBXFileReference; explicitFileType = wrapper.application; includeInIndex = 0; path = EidGreeting.app; sourceTree = BUILT_PRODUCTS_DIR; };
		4FDDD6D124D5E50E00A45C2B /* EidGreetingApp.swift */ = {isa = PBXFileReference; lastKnownFileType = sourcecode.swift; path = EidGreetingApp.swift; sourceTree = "<group>"; };
		4FDDD6D324D5E50E00A45C2B /* ContentView.swift */ = {isa = PBXFileReference; lastKnownFileType = sourcecode.swift; path = ContentView.swift; sourceTree = "<group>"; };
		4FDDD6D524D5E51000A45C2B /* Assets.xcassets */ = {isa = PBXFileReference; lastKnownFileType = folder.assetcatalog; path = Assets.xcassets; sourceTree = "<group>"; };
		4FDDD6D824D5E51000A45C2B /* Preview Assets.xcassets */ = {isa = PBXFileReference; lastKnownFileType = folder.assetcatalog; path = "Preview Assets.xcassets"; sourceTree = "<group>"; };
		4FDDD6DA24D5E51000A45C2B /* Info.plist */ = {isa = PBXFileReference; lastKnownFileType = text.plist.xml; path = Info.plist; sourceTree = "<group>"; };
		4FDDD71924D5F58B00A45C2B /* eidMubarakEnglish.json */ = {isa = PBXFileReference; fileEncoding = 4; lastKnownFileType = text.json; path = eidMubarakEnglish.json; sourceTree = "<group>"; };
		4FDDD71A24D5F58B00A45C2B /* colorfulConfetti.json */ = {isa = PBXFileReference; fileEncoding = 4; lastKnownFileType = text.json; path = colorfulConfetti.json; sourceTree = "<group>"; };
		4FDDD71B24D5F58B00A45C2B /* eidMubarakArabic.json */ = {isa = PBXFileReference; fileEncoding = 4; lastKnownFileType = text.json; path = eidMubarakArabic.json; sourceTree = "<group>"; };
/* End PBXFileReference section */

/* Begin PBXFrameworksBuildPhase section */
		4FDDD6CB24D5E50E00A45C2B /* Frameworks */ = {
			isa = PBXFrameworksBuildPhase;
			buildActionMask = 2147483647;
			files = (
				4FDDD72124D5F9F100A45C2B /* Lottie in Frameworks */,
			);
			runOnlyForDeploymentPostprocessing = 0;
		};
/* End PBXFrameworksBuildPhase section */

/* Begin PBXGroup section */
		4FDDD6C524D5E50E00A45C2B = {
			isa = PBXGroup;
			children = (
				4FDDD6D024D5E50E00A45C2B /* EidGreeting */,
				4FDDD6CF24D5E50E00A45C2B /* Products */,
			);
			sourceTree = "<group>";
		};
		4FDDD6CF24D5E50E00A45C2B /* Products */ = {
			isa = PBXGroup;
			children = (
				4FDDD6CE24D5E50E00A45C2B /* EidGreeting.app */,
			);
			name = Products;
			sourceTree = "<group>";
		};
		4FDDD6D024D5E50E00A45C2B /* EidGreeting */ = {
			isa = PBXGroup;
			children = (
				4FDDD71824D5F56000A45C2B /* Animation */,
				4FDDD6D124D5E50E00A45C2B /* EidGreetingApp.swift */,
				4FDDD6D324D5E50E00A45C2B /* ContentView.swift */,
				4FDDD6D524D5E51000A45C2B /* Assets.xcassets */,
				4FDDD6DA24D5E51000A45C2B /* Info.plist */,
				4FDDD6D724D5E51000A45C2B /* Preview Content */,
			);
			path = EidGreeting;
			sourceTree = "<group>";
		};
		4FDDD6D724D5E51000A45C2B /* Preview Content */ = {
			isa = PBXGroup;
			children = (
				4FDDD6D824D5E51000A45C2B /* Preview Assets.xcassets */,
			);
			path = "Preview Content";
			sourceTree = "<group>";
		};
		4FDDD71824D5F56000A45C2B /* Animation */ = {
			isa = PBXGroup;
			children = (
				4FDDD71A24D5F58B00A45C2B /* colorfulConfetti.json */,
				4FDDD71B24D5F58B00A45C2B /* eidMubarakArabic.json */,
				4FDDD71924D5F58B00A45C2B /* eidMubarakEnglish.json */,
			);
			path = Animation;
			sourceTree = "<group>";
		};
/* End PBXGroup section */

/* Begin PBXNativeTarget section */
		4FDDD6CD24D5E50E00A45C2B /* EidGreeting */ = {
			isa = PBXNativeTarget;
			buildConfigurationList = 4FDDD6DD24D5E51000A45C2B /* Build configuration list for PBXNativeTarget "EidGreeting" */;
			buildPhases = (
				4FDDD6CA24D5E50E00A45C2B /* Sources */,
				4FDDD6CB24D5E50E00A45C2B /* Frameworks */,
				4FDDD6CC24D5E50E00A45C2B /* Resources */,
			);
			buildRules = (
			);
			dependencies = (
			);
			name = EidGreeting;
			packageProductDependencies = (
				4FDDD72024D5F9F100A45C2B /* Lottie */,
			);
			productName = EidGreeting;
			productReference = 4FDDD6CE24D5E50E00A45C2B /* EidGreeting.app */;
			productType = "com.apple.product-type.application";
		};
/* End PBXNativeTarget section */

/* Begin PBXProject section */
		4FDDD6C624D5E50E00A45C2B /* Project object */ = {
			isa = PBXProject;
			attributes = {
				LastSwiftUpdateCheck = 1200;
				LastUpgradeCheck = 1200;
				TargetAttributes = {
					4FDDD6CD24D5E50E00A45C2B = {
						CreatedOnToolsVersion = 12.0;
					};
				};
			};
			buildConfigurationList = 4FDDD6C924D5E50E00A45C2B /* Build configuration list for PBXProject "EidGreeting" */;
			compatibilityVersion = "Xcode 9.3";
			developmentRegion = en;
			hasScannedForEncodings = 0;
			knownRegions = (
				en,
				Base,
			);
			mainGroup = 4FDDD6C524D5E50E00A45C2B;
			packageReferences = (
				4FDDD71F24D5F9F100A45C2B /* XCRemoteSwiftPackageReference "lottie-ios" */,
			);
			productRefGroup = 4FDDD6CF24D5E50E00A45C2B /* Products */;
			projectDirPath = "";
			projectRoot = "";
			targets = (
				4FDDD6CD24D5E50E00A45C2B /* EidGreeting */,
			);
		};
/* End PBXProject section */

/* Begin PBXResourcesBuildPhase section */
		4FDDD6CC24D5E50E00A45C2B /* Resources */ = {
			isa = PBXResourcesBuildPhase;
			buildActionMask = 2147483647;
			files = (
				4FDDD71C24D5F58B00A45C2B /* eidMubarakEnglish.json in Resources */,
				4FDDD6D924D5E51000A45C2B /* Preview Assets.xcassets in Resources */,
				4FDDD6D624D5E51000A45C2B /* Assets.xcassets in Resources */,
				4FDDD71D24D5F58B00A45C2B /* colorfulConfetti.json in Resources */,
				4FDDD71E24D5F58B00A45C2B /* eidMubarakArabic.json in Resources */,
			);
			runOnlyForDeploymentPostprocessing = 0;
		};
/* End PBXResourcesBuildPhase section */

/* Begin PBXSourcesBuildPhase section */
		4FDDD6CA24D5E50E00A45C2B /* Sources */ = {
			isa = PBXSourcesBuildPhase;
			buildActionMask = 2147483647;
			files = (
				4FDDD6D424D5E50E00A45C2B /* ContentView.swift in Sources */,
				4FDDD6D224D5E50E00A45C2B /* EidGreetingApp.swift in Sources */,
			);
			runOnlyForDeploymentPostprocessing = 0;
		};
/* End PBXSourcesBuildPhase section */

/* Begin XCBuildConfiguration section */
		4FDDD6DB24D5E51000A45C2B /* Debug */ = {
			isa = XCBuildConfiguration;
			buildSettings = {
				ALWAYS_SEARCH_USER_PATHS = NO;
				CLANG_ANALYZER_NONNULL = YES;
				CLANG_ANALYZER_NUMBER_OBJECT_CONVERSION = YES_AGGRESSIVE;
				CLANG_CXX_LANGUAGE_STANDARD = "gnu++14";
				CLANG_CXX_LIBRARY = "libc++";
				CLANG_ENABLE_MODULES = YES;
				CLANG_ENABLE_OBJC_ARC = YES;
				CLANG_ENABLE_OBJC_WEAK = YES;
				CLANG_WARN_BLOCK_CAPTURE_AUTORELEASING = YES;
				CLANG_WARN_BOOL_CONVERSION = YES;
				CLANG_WARN_COMMA = YES;
				CLANG_WARN_CONSTANT_CONVERSION = YES;
				CLANG_WARN_DEPRECATED_OBJC_IMPLEMENTATIONS = YES;
				CLANG_WARN_DIRECT_OBJC_ISA_USAGE = YES_ERROR;
				CLANG_WARN_DOCUMENTATION_COMMENTS = YES;
				CLANG_WARN_EMPTY_BODY = YES;
				CLANG_WARN_ENUM_CONVERSION = YES;
				CLANG_WARN_INFINITE_RECURSION = YES;
				CLANG_WARN_INT_CONVERSION = YES;
				CLANG_WARN_NON_LITERAL_NULL_CONVERSION = YES;
				CLANG_WARN_OBJC_IMPLICIT_RETAIN_SELF = YES;
				CLANG_WARN_OBJC_LITERAL_CONVERSION = YES;
				CLANG_WARN_OBJC_ROOT_CLASS = YES_ERROR;
				CLANG_WARN_QUOTED_INCLUDE_IN_FRAMEWORK_HEADER = YES;
				CLANG_WARN_RANGE_LOOP_ANALYSIS = YES;
				CLANG_WARN_STRICT_PROTOTYPES = YES;
				CLANG_WARN_SUSPICIOUS_MOVE = YES;
				CLANG_WARN_UNGUARDED_AVAILABILITY = YES_AGGRESSIVE;
				CLANG_WARN_UNREACHABLE_CODE = YES;
				CLANG_WARN__DUPLICATE_METHOD_MATCH = YES;
				COPY_PHASE_STRIP = NO;
				DEBUG_INFORMATION_FORMAT = dwarf;
				ENABLE_STRICT_OBJC_MSGSEND = YES;
				ENABLE_TESTABILITY = YES;
				GCC_C_LANGUAGE_STANDARD = gnu11;
				GCC_DYNAMIC_NO_PIC = NO;
				GCC_NO_COMMON_BLOCKS = YES;
				GCC_OPTIMIZATION_LEVEL = 0;
				GCC_PREPROCESSOR_DEFINITIONS = (
					"DEBUG=1",
					"$(inherited)",
				);
				GCC_WARN_64_TO_32_BIT_CONVERSION = YES;
				GCC_WARN_ABOUT_RETURN_TYPE = YES_ERROR;
				GCC_WARN_UNDECLARED_SELECTOR = YES;
				GCC_WARN_UNINITIALIZED_AUTOS = YES_AGGRESSIVE;
				GCC_WARN_UNUSED_FUNCTION = YES;
				GCC_WARN_UNUSED_VARIABLE = YES;
				IPHONEOS_DEPLOYMENT_TARGET = 14.0;
				MTL_ENABLE_DEBUG_INFO = INCLUDE_SOURCE;
				MTL_FAST_MATH = YES;
				ONLY_ACTIVE_ARCH = YES;
				SDKROOT = iphoneos;
				SWIFT_ACTIVE_COMPILATION_CONDITIONS = DEBUG;
				SWIFT_OPTIMIZATION_LEVEL = "-Onone";
			};
			name = Debug;
		};
		4FDDD6DC24D5E51000A45C2B /* Release */ = {
			isa = XCBuildConfiguration;
			buildSettings = {
				ALWAYS_SEARCH_USER_PATHS = NO;
				CLANG_ANALYZER_NONNULL = YES;
				CLANG_ANALYZER_NUMBER_OBJECT_CONVERSION = YES_AGGRESSIVE;
				CLANG_CXX_LANGUAGE_STANDARD = "gnu++14";
				CLANG_CXX_LIBRARY = "libc++";
				CLANG_ENABLE_MODULES = YES;
				CLANG_ENABLE_OBJC_ARC = YES;
				CLANG_ENABLE_OBJC_WEAK = YES;
				CLANG_WARN_BLOCK_CAPTURE_AUTORELEASING = YES;
				CLANG_WARN_BOOL_CONVERSION = YES;
				CLANG_WARN_COMMA = YES;
				CLANG_WARN_CONSTANT_CONVERSION = YES;
				CLANG_WARN_DEPRECATED_OBJC_IMPLEMENTATIONS = YES;
				CLANG_WARN_DIRECT_OBJC_ISA_USAGE = YES_ERROR;
				CLANG_WARN_DOCUMENTATION_COMMENTS = YES;
				CLANG_WARN_EMPTY_BODY = YES;
				CLANG_WARN_ENUM_CONVERSION = YES;
				CLANG_WARN_INFINITE_RECURSION = YES;
				CLANG_WARN_INT_CONVERSION = YES;
				CLANG_WARN_NON_LITERAL_NULL_CONVERSION = YES;
				CLANG_WARN_OBJC_IMPLICIT_RETAIN_SELF = YES;
				CLANG_WARN_OBJC_LITERAL_CONVERSION = YES;
				CLANG_WARN_OBJC_ROOT_CLASS = YES_ERROR;
				CLANG_WARN_QUOTED_INCLUDE_IN_FRAMEWORK_HEADER = YES;
				CLANG_WARN_RANGE_LOOP_ANALYSIS = YES;
				CLANG_WARN_STRICT_PROTOTYPES = YES;
				CLANG_WARN_SUSPICIOUS_MOVE = YES;
				CLANG_WARN_UNGUARDED_AVAILABILITY = YES_AGGRESSIVE;
				CLANG_WARN_UNREACHABLE_CODE = YES;
				CLANG_WARN__DUPLICATE_METHOD_MATCH = YES;
				COPY_PHASE_STRIP = NO;
				DEBUG_INFORMATION_FORMAT = "dwarf-with-dsym";
				ENABLE_NS_ASSERTIONS = NO;
				ENABLE_STRICT_OBJC_MSGSEND = YES;
				GCC_C_LANGUAGE_STANDARD = gnu11;
				GCC_NO_COMMON_BLOCKS = YES;
				GCC_WARN_64_TO_32_BIT_CONVERSION = YES;
				GCC_WARN_ABOUT_RETURN_TYPE = YES_ERROR;
				GCC_WARN_UNDECLARED_SELECTOR = YES;
				GCC_WARN_UNINITIALIZED_AUTOS = YES_AGGRESSIVE;
				GCC_WARN_UNUSED_FUNCTION = YES;
				GCC_WARN_UNUSED_VARIABLE = YES;
				IPHONEOS_DEPLOYMENT_TARGET = 14.0;
				MTL_ENABLE_DEBUG_INFO = NO;
				MTL_FAST_MATH = YES;
				SDKROOT = iphoneos;
				SWIFT_COMPILATION_MODE = wholemodule;
				SWIFT_OPTIMIZATION_LEVEL = "-O";
				VALIDATE_PRODUCT = YES;
			};
			name = Release;
		};
		4FDDD6DE24D5E51000A45C2B /* Debug */ = {
			isa = XCBuildConfiguration;
			buildSettings = {
				ASSETCATALOG_COMPILER_APPICON_NAME = AppIcon;
				ASSETCATALOG_COMPILER_GLOBAL_ACCENT_COLOR_NAME = AccentColor;
				CODE_SIGN_STYLE = Automatic;
				CURRENT_PROJECT_VERSION = 20200802;
				DEVELOPMENT_ASSET_PATHS = "\"EidGreeting/Preview Content\"";
				DEVELOPMENT_TEAM = N77986V24E;
				ENABLE_PREVIEWS = YES;
				INFOPLIST_FILE = EidGreeting/Info.plist;
				IPHONEOS_DEPLOYMENT_TARGET = 14.0;
				LD_RUNPATH_SEARCH_PATHS = (
					"$(inherited)",
					"@executable_path/Frameworks",
				);
				MARKETING_VERSION = 1.01012;
				PRODUCT_BUNDLE_IDENTIFIER = com.nmds.EidGreeting;
				PRODUCT_NAME = "$(TARGET_NAME)";
				SWIFT_VERSION = 5.0;
				TARGETED_DEVICE_FAMILY = "1,2";
			};
			name = Debug;
		};
		4FDDD6DF24D5E51000A45C2B /* Release */ = {
			isa = XCBuildConfiguration;
			buildSettings = {
				ASSETCATALOG_COMPILER_APPICON_NAME = AppIcon;
				ASSETCATALOG_COMPILER_GLOBAL_ACCENT_COLOR_NAME = AccentColor;
				CODE_SIGN_STYLE = Automatic;
				CURRENT_PROJECT_VERSION = 20200802;
				DEVELOPMENT_ASSET_PATHS = "\"EidGreeting/Preview Content\"";
				DEVELOPMENT_TEAM = N77986V24E;
				ENABLE_PREVIEWS = YES;
				INFOPLIST_FILE = EidGreeting/Info.plist;
				IPHONEOS_DEPLOYMENT_TARGET = 14.0;
				LD_RUNPATH_SEARCH_PATHS = (
					"$(inherited)",
					"@executable_path/Frameworks",
				);
				MARKETING_VERSION = 1.01012;
				PRODUCT_BUNDLE_IDENTIFIER = com.nmds.EidGreeting;
				PRODUCT_NAME = "$(TARGET_NAME)";
				SWIFT_VERSION = 5.0;
				TARGETED_DEVICE_FAMILY = "1,2";
			};
			name = Release;
		};
/* End XCBuildConfiguration section */

/* Begin XCConfigurationList section */
		4FDDD6C924D5E50E00A45C2B /* Build configuration list for PBXProject "EidGreeting" */ = {
			isa = XCConfigurationList;
			buildConfigurations = (
				4FDDD6DB24D5E51000A45C2B /* Debug */,
				4FDDD6DC24D5E51000A45C2B /* Release */,
			);
			defaultConfigurationIsVisible = 0;
			defaultConfigurationName = Release;
		};
		4FDDD6DD24D5E51000A45C2B /* Build configuration list for PBXNativeTarget "EidGreeting" */ = {
			isa = XCConfigurationList;
			buildConfigurations = (
				4FDDD6DE24D5E51000A45C2B /* Debug */,
				4FDDD6DF24D5E51000A45C2B /* Release */,
			);
			defaultConfigurationIsVisible = 0;
			defaultConfigurationName = Release;
		};
/* End XCConfigurationList section */

/* Begin XCRemoteSwiftPackageReference section */
		4FDDD71F24D5F9F100A45C2B /* XCRemoteSwiftPackageReference "lottie-ios" */ = {
			isa = XCRemoteSwiftPackageReference;
			repositoryURL = "https://github.com/airbnb/lottie-ios";
			requirement = {
				kind = upToNextMajorVersion;
				minimumVersion = 3.1.8;
			};
		};
/* End XCRemoteSwiftPackageReference section */

/* Begin XCSwiftPackageProductDependency section */
		4FDDD72024D5F9F100A45C2B /* Lottie */ = {
			isa = XCSwiftPackageProductDependency;
			package = 4FDDD71F24D5F9F100A45C2B /* XCRemoteSwiftPackageReference "lottie-ios" */;
			productName = Lottie;
		};
/* End XCSwiftPackageProductDependency section */
	};
	rootObject = 4FDDD6C624D5E50E00A45C2B /* Project object */;
}
